
Microsoft Visual Studio Solution File, Format Version 12.00
# Visual Studio 15
VisualStudioVersion = 15.0.28010.2050
MinimumVisualStudioVersion = 10.0.40219.1
Project("{FAE04EC0-301F-11D3-BF4B-00C04F79EFBC}") = "ConsoleAppBeboer", "ConsoleAppBeboer\ConsoleAppBeboer.csproj", "{97D55C85-C4FF-4EB2-857A-47B6BCD30556}"
EndProject
Global
	GlobalSection(SolutionConfigurationPlatforms) = preSolution
		Debug|Any CPU = Debug|Any CPU
		Release|Any CPU = Release|Any CPU
	EndGlobalSection
	GlobalSection(ProjectConfigurationPlatforms) = postSolution
		{97D55C85-C4FF-4EB2-857A-47B6BCD30556}.Debug|Any CPU.ActiveCfg = Debug|Any CPU
		{97D55C85-C4FF-4EB2-857A-47B6BCD30556}.Debug|Any CPU.Build.0 = Debug|Any CPU
		{97D55C85-C4FF-4EB2-857A-47B6BCD30556}.Release|Any CPU.ActiveCfg = Release|Any CPU
		{97D55C85-C4FF-4EB2-857A-47B6BCD30556}.Release|Any CPU.Build.0 = Release|Any CPU
	EndGlobalSection
	GlobalSection(SolutionProperties) = preSolution
		HideSolutionNode = FALSE
	EndGlobalSection
	GlobalSection(ExtensibilityGlobals) = postSolution
		SolutionGuid = {DFE1FF3C-CECC-4DA6-B0F7-722DFA7E6A4D}
	EndGlobalSection
EndGlobal
